
Microsoft Visual Studio Solution File, Format Version 12.00
# Visual Studio Version 16
VisualStudioVersion = 16.0.808.6
MinimumVisualStudioVersion = 10.0.40219.1
Project("{FAE04EC0-301F-11D3-BF4B-00C04F79EFBC}") = "ByteBank", "ByteBank\ByteBank.csproj", "{CA4E638F-3A9D-426D-9469-12963ED62DCF}"
EndProject
Global
	GlobalSection(SolutionConfigurationPlatforms) = preSolution
		Debug|anycpu = Debug|anycpu
		Release|anycpu = Release|anycpu
	EndGlobalSection
	GlobalSection(ProjectConfigurationPlatforms) = postSolution
		{CA4E638F-3A9D-426D-9469-12963ED62DCF}.Debug|anycpu.ActiveCfg = Debug|anycpu
		{CA4E638F-3A9D-426D-9469-12963ED62DCF}.Debug|anycpu.Build.0 = Debug|anycpu
		{CA4E638F-3A9D-426D-9469-12963ED62DCF}.Release|anycpu.ActiveCfg = Release|anycpu
		{CA4E638F-3A9D-426D-9469-12963ED62DCF}.Release|anycpu.Build.0 = Release|anycpu
	EndGlobalSection
	GlobalSection(SolutionProperties) = preSolution
		HideSolutionNode = FALSE
	EndGlobalSection
	GlobalSection(ExtensibilityGlobals) = postSolution
		SolutionGuid = {8CDBA28B-CBB1-43E8-B876-94214DB29C73}
	EndGlobalSection
EndGlobal
